
Microsoft Visual Studio Solution File, Format Version 12.00
# Visual Studio Version 16
VisualStudioVersion = 16.0.29025.244
MinimumVisualStudioVersion = 10.0.40219.1
Project("{FAE04EC0-301F-11D3-BF4B-00C04F79EFBC}") = "PASOIBwin", "PASOIBwin\PASOIBwin.csproj", "{F50A3DC4-85D5-4525-B29E-BB5C78A7A00A}"
EndProject
Global
	GlobalSection(SolutionConfigurationPlatforms) = preSolution
		Debug|Any CPU = Debug|Any CPU
		Release|Any CPU = Release|Any CPU
	EndGlobalSection
	GlobalSection(ProjectConfigurationPlatforms) = postSolution
		{F50A3DC4-85D5-4525-B29E-BB5C78A7A00A}.Debug|Any CPU.ActiveCfg = Debug|Any CPU
		{F50A3DC4-85D5-4525-B29E-BB5C78A7A00A}.Debug|Any CPU.Build.0 = Debug|Any CPU
		{F50A3DC4-85D5-4525-B29E-BB5C78A7A00A}.Release|Any CPU.ActiveCfg = Release|Any CPU
		{F50A3DC4-85D5-4525-B29E-BB5C78A7A00A}.Release|Any CPU.Build.0 = Release|Any CPU
	EndGlobalSection
	GlobalSection(SolutionProperties) = preSolution
		HideSolutionNode = FALSE
	EndGlobalSection
	GlobalSection(ExtensibilityGlobals) = postSolution
		SolutionGuid = {902ECBAB-5522-4862-9438-7C12F971414B}
	EndGlobalSection
EndGlobal
